// !$*UTF8*$!
{
	archiveVersion = 1;
	classes = {
	};
	objectVersion = 56;
	objects = {

/* Begin PBXBuildFile section */
		A1000001 /* HydroTrackApp.swift in Sources */ = {isa = PBXBuildFile; fileRef = A2000001; };
		A1000002 /* ContentView.swift in Sources */ = {isa = PBXBuildFile; fileRef = A2000002; };
		A1000003 /* HomeView.swift in Sources */ = {isa = PBXBuildFile; fileRef = A2000003; };
		A1000004 /* StatsView.swift in Sources */ = {isa = PBXBuildFile; fileRef = A2000004; };
		A1000005 /* SettingsView.swift in Sources */ = {isa = PBXBuildFile; fileRef = A2000005; };
		A1000006 /* WaterManager.swift in Sources */ = {isa = PBXBuildFile; fileRef = A2000006; };
		A1000007 /* ReminderManager.swift in Sources */ = {isa = PBXBuildFile; fileRef = A2000007; };
		A1000008 /* Assets.xcassets in Resources */ = {isa = PBXBuildFile; fileRef = A2000008; };
/* End PBXBuildFile section */

/* Begin PBXFileReference section */
		A2000001 /* HydroTrackApp.swift */ = {isa = PBXFileReference; lastKnownFileType = sourcecode.swift; path = HydroTrackApp.swift; sourceTree = "<group>"; };
		A2000002 /* ContentView.swift */ = {isa = PBXFileReference; lastKnownFileType = sourcecode.swift; path = ContentView.swift; sourceTree = "<group>"; };
		A2000003 /* HomeView.swift */ = {isa = PBXFileReference; lastKnownFileType = sourcecode.swift; path = HomeView.swift; sourceTree = "<group>"; };
		A2000004 /* StatsView.swift */ = {isa = PBXFileReference; lastKnownFileType = sourcecode.swift; path = StatsView.swift; sourceTree = "<group>"; };
		A2000005 /* SettingsView.swift */ = {isa = PBXFileReference; lastKnownFileType = sourcecode.swift; path = SettingsView.swift; sourceTree = "<group>"; };
		A2000006 /* WaterManager.swift */ = {isa = PBXFileReference; lastKnownFileType = sourcecode.swift; path = WaterManager.swift; sourceTree = "<group>"; };
		A2000007 /* ReminderManager.swift */ = {isa = PBXFileReference; lastKnownFileType = sourcecode.swift; path = ReminderManager.swift; sourceTree = "<group>"; };
		A2000008 /* Assets.xcassets */ = {isa = PBXFileReference; lastKnownFileType = folder.assetcatalog; path = Assets.xcassets; sourceTree = "<group>"; };
		A2000009 /* Info.plist */ = {isa = PBXFileReference; lastKnownFileType = text.plist.xml; path = Info.plist; sourceTree = "<group>"; };
		A200000A /* HydroTrack.app */ = {isa = PBXFileReference; explicitFileType = wrapper.application; includeInIndex = 0; path = HydroTrack.app; sourceTree = BUILT_PRODUCTS_DIR; };
/* End PBXFileReference section */

/* Begin PBXFrameworksBuildPhase section */
		A3000001 /* Frameworks */ = {
			isa = PBXFrameworksBuildPhase;
			buildActionMask = 2147483647;
			files = (
			);
			runOnlyForDeploymentPostprocessing = 0;
		};
/* End PBXFrameworksBuildPhase section */

/* Begin PBXGroup section */
		A4000001 = {
			isa = PBXGroup;
			children = (
				A4000002 /* HydroTrack */,
				A4000003 /* Products */,
			);
			sourceTree = "<group>";
		};
		A4000002 /* HydroTrack */ = {
			isa = PBXGroup;
			children = (
				A4000004 /* App */,
				A4000005 /* Managers */,
				A4000006 /* Views */,
				A4000007 /* Resources */,
			);
			path = HydroTrack;
			sourceTree = "<group>";
		};
		A4000003 /* Products */ = {
			isa = PBXGroup;
			children = (
				A200000A /* HydroTrack.app */,
			);
			name = Products;
			sourceTree = "<group>";
		};
		A4000004 /* App */ = {
			isa = PBXGroup;
			children = (
				A2000001 /* HydroTrackApp.swift */,
			);
			path = App;
			sourceTree = "<group>";
		};
		A4000005 /* Managers */ = {
			isa = PBXGroup;
			children = (
				A2000006 /* WaterManager.swift */,
				A2000007 /* ReminderManager.swift */,
			);
			path = Managers;
			sourceTree = "<group>";
		};
		A4000006 /* Views */ = {
			isa = PBXGroup;
			children = (
				A2000002 /* ContentView.swift */,
				A2000003 /* HomeView.swift */,
				A2000004 /* StatsView.swift */,
				A2000005 /* SettingsView.swift */,
			);
			path = Views;
			sourceTree = "<group>";
		};
		A4000007 /* Resources */ = {
			isa = PBXGroup;
			children = (
				A2000008 /* Assets.xcassets */,
				A2000009 /* Info.plist */,
			);
			path = Resources;
			sourceTree = "<group>";
		};
/* End PBXGroup section */

/* Begin PBXNativeTarget section */
		A5000001 /* HydroTrack */ = {
			isa = PBXNativeTarget;
			buildConfigurationList = A6000003 /* Build configuration list for PBXNativeTarget "HydroTrack" */;
			buildPhases = (
				A5000002 /* Sources */,
				A3000001 /* Frameworks */,
				A5000003 /* Resources */,
			);
			buildRules = (
			);
			dependencies = (
			);
			name = HydroTrack;
			productName = HydroTrack;
			productReference = A200000A /* HydroTrack.app */;
			productType = "com.apple.product-type.application";
		};
/* End PBXNativeTarget section */

/* Begin PBXProject section */
		A6000001 /* Project object */ = {
			isa = PBXProject;
			attributes = {
				BuildIndependentTargetsInParallel = 1;
				LastSwiftUpdateCheck = 1500;
				LastUpgradeCheck = 1500;
				TargetAttributes = {
					A5000001 = {
						CreatedOnToolsVersion = 15.0;
					};
				};
			};
			buildConfigurationList = A6000002 /* Build configuration list for PBXProject "HydroTrack" */;
			compatibilityVersion = "Xcode 14.0";
			developmentRegion = en;
			hasScannedForEncodings = 0;
			knownRegions = (
				en,
				Base,
			);
			mainGroup = A4000001;
			productRefGroup = A4000003 /* Products */;
			projectDirPath = "";
			projectRoot = "";
			targets = (
				A5000001 /* HydroTrack */,
			);
		};
/* End PBXProject section */

/* Begin PBXResourcesBuildPhase section */
		A5000003 /* Resources */ = {
			isa = PBXResourcesBuildPhase;
			buildActionMask = 2147483647;
			files = (
				A1000008 /* Assets.xcassets in Resources */,
			);
			runOnlyForDeploymentPostprocessing = 0;
		};
/* End PBXResourcesBuildPhase section */

/* Begin PBXSourcesBuildPhase section */
		A5000002 /* Sources */ = {
			isa = PBXSourcesBuildPhase;
			buildActionMask = 2147483647;
			files = (
				A1000001 /* HydroTrackApp.swift in Sources */,
				A1000002 /* ContentView.swift in Sources */,
				A1000003 /* HomeView.swift in Sources */,
				A1000004 /* StatsView.swift in Sources */,
				A1000005 /* SettingsView.swift in Sources */,
				A1000006 /* WaterManager.swift in Sources */,
				A1000007 /* ReminderManager.swift in Sources */,
			);
			runOnlyForDeploymentPostprocessing = 0;
		};
/* End PBXSourcesBuildPhase section */

/* Begin XCBuildConfiguration section */
		A7000001 /* Debug */ = {
			isa = XCBuildConfiguration;
			buildSettings = {
				ALWAYS_SEARCH_USER_PATHS = NO;
				CLANG_ANALYZER_NONNULL = YES;
				CLANG_CXX_LANGUAGE_STANDARD = "gnu++20";
				CLANG_ENABLE_MODULES = YES;
				CLANG_ENABLE_OBJC_ARC = YES;
				COPY_PHASE_STRIP = NO;
				DEBUG_INFORMATION_FORMAT = dwarf;
				ENABLE_TESTABILITY = YES;
				GCC_C_LANGUAGE_STANDARD = gnu17;
				GCC_DYNAMIC_NO_PIC = NO;
				GCC_NO_COMMON_BLOCKS = YES;
				GCC_OPTIMIZATION_LEVEL = 0;
				GCC_PREPROCESSOR_DEFINITIONS = (
					"DEBUG=1",
					"$(inherited)",
				);
				IPHONEOS_DEPLOYMENT_TARGET = 15.0;
				MTL_ENABLE_DEBUG_INFO = INCLUDE_SOURCE;
				MTL_FAST_MATH = YES;
				ONLY_ACTIVE_ARCH = YES;
				SDKROOT = iphoneos;
				SWIFT_ACTIVE_COMPILATION_CONDITIONS = "DEBUG $(inherited)";
				SWIFT_OPTIMIZATION_LEVEL = "-Onone";
			};
			name = Debug;
		};
		A7000002 /* Release */ = {
			isa = XCBuildConfiguration;
			buildSettings = {
				ALWAYS_SEARCH_USER_PATHS = NO;
				CLANG_ANALYZER_NONNULL = YES;
				CLANG_CXX_LANGUAGE_STANDARD = "gnu++20";
				CLANG_ENABLE_MODULES = YES;
				CLANG_ENABLE_OBJC_ARC = YES;
				COPY_PHASE_STRIP = NO;
				DEBUG_INFORMATION_FORMAT = "dwarf-with-dsym";
				ENABLE_NS_ASSERTIONS = NO;
				GCC_C_LANGUAGE_STANDARD = gnu17;
				GCC_NO_COMMON_BLOCKS = YES;
				IPHONEOS_DEPLOYMENT_TARGET = 15.0;
				MTL_ENABLE_DEBUG_INFO = NO;
				MTL_FAST_MATH = YES;
				SDKROOT = iphoneos;
				SWIFT_COMPILATION_MODE = wholemodule;
				VALIDATE_PRODUCT = YES;
			};
			name = Release;
		};
		A7000003 /* Debug */ = {
			isa = XCBuildConfiguration;
			buildSettings = {
				ASSETCATALOG_COMPILER_APPICON_NAME = AppIcon;
				ASSETCATALOG_COMPILER_GLOBAL_ACCENT_COLOR_NAME = AccentColor;
				CODE_SIGN_STYLE = Automatic;
				CURRENT_PROJECT_VERSION = 1;
				DEVELOPMENT_TEAM = "";
				ENABLE_PREVIEWS = YES;
				GENERATE_INFOPLIST_FILE = YES;
				INFOPLIST_FILE = HydroTrack/Resources/Info.plist;
				INFOPLIST_KEY_UIApplicationSceneManifest_Generation = YES;
				INFOPLIST_KEY_UIApplicationSupportsIndirectInputEvents = YES;
				INFOPLIST_KEY_UILaunchScreen_Generation = YES;
				INFOPLIST_KEY_UISupportedInterfaceOrientations_iPad = "UIInterfaceOrientationPortrait UIInterfaceOrientationPortraitUpsideDown UIInterfaceOrientationLandscapeLeft UIInterfaceOrientationLandscapeRight";
				INFOPLIST_KEY_UISupportedInterfaceOrientations_iPhone = "UIInterfaceOrientationPortrait UIInterfaceOrientationLandscapeLeft UIInterfaceOrientationLandscapeRight";
				LD_RUNPATH_SEARCH_PATHS = (
					"$(inherited)",
					"@executable_path/Frameworks",
				);
				MARKETING_VERSION = 1.0;
				PRODUCT_BUNDLE_IDENTIFIER = com.hydrotrack.app;
				PRODUCT_NAME = "$(TARGET_NAME)";
				SWIFT_EMIT_LOC_STRINGS = YES;
				SWIFT_VERSION = 5.0;
				TARGETED_DEVICE_FAMILY = "1,2";
			};
			name = Debug;
		};
		A7000004 /* Release */ = {
			isa = XCBuildConfiguration;
			buildSettings = {
				ASSETCATALOG_COMPILER_APPICON_NAME = AppIcon;
				ASSETCATALOG_COMPILER_GLOBAL_ACCENT_COLOR_NAME = AccentColor;
				CODE_SIGN_STYLE = Automatic;
				CURRENT_PROJECT_VERSION = 1;
				DEVELOPMENT_TEAM = "";
				ENABLE_PREVIEWS = YES;
				GENERATE_INFOPLIST_FILE = YES;
				INFOPLIST_FILE = HydroTrack/Resources/Info.plist;
				INFOPLIST_KEY_UIApplicationSceneManifest_Generation = YES;
				INFOPLIST_KEY_UIApplicationSupportsIndirectInputEvents = YES;
				INFOPLIST_KEY_UILaunchScreen_Generation = YES;
				INFOPLIST_KEY_UISupportedInterfaceOrientations_iPad = "UIInterfaceOrientationPortrait UIInterfaceOrientationPortraitUpsideDown UIInterfaceOrientationLandscapeLeft UIInterfaceOrientationLandscapeRight";
				INFOPLIST_KEY_UISupportedInterfaceOrientations_iPhone = "UIInterfaceOrientationPortrait UIInterfaceOrientationLandscapeLeft UIInterfaceOrientationLandscapeRight";
				LD_RUNPATH_SEARCH_PATHS = (
					"$(inherited)",
					"@executable_path/Frameworks",
				);
				MARKETING_VERSION = 1.0;
				PRODUCT_BUNDLE_IDENTIFIER = com.hydrotrack.app;
				PRODUCT_NAME = "$(TARGET_NAME)";
				SWIFT_EMIT_LOC_STRINGS = YES;
				SWIFT_VERSION = 5.0;
				TARGETED_DEVICE_FAMILY = "1,2";
			};
			name = Release;
		};
/* End XCBuildConfiguration section */

/* Begin XCConfigurationList section */
		A6000002 /* Build configuration list for PBXProject "HydroTrack" */ = {
			isa = XCConfigurationList;
			buildConfigurations = (
				A7000001 /* Debug */,
				A7000002 /* Release */,
			);
			defaultConfigurationIsVisible = 0;
			defaultConfigurationIsVisible = 0;
			defaultConfigurationIsVisible = 0;
			defaultConfigurationIsVisible = 0;
			defaultConfigurationIsVisible = 0;
			defaultConfigurationIsVisible = 0;
			defaultConfigurationIsVisible = 0;
			defaultConfigurationIsVisible = 0;
			defaultConfigurationIsVisible = 0;
			defaultConfigurationIsVisible = 0;
			defaultConfigurationIsVisible = 0;
			defaultConfigurationIsVisible = 0;
			defaultConfigurationIsVisible = 0;
			defaultConfigurationIsVisible = 0;
			defaultConfigurationIsVisible = 0;
			defaultConfigurationIsVisible = 0;
			defaultConfigurationIsVisible = 0;
			defaultConfigurationIsVisible = 0;
			defaultConfigurationIsVisible = 0;
			defaultConfigurationIsVisible = 0;
		};
		A6000003 /* Build configuration list for PBXNativeTarget "HydroTrack" */ = {
			isa = XCConfigurationList;
			buildConfigurations = (
				A7000003 /* Debug */,
				A7000004 /* Release */,
			);
			defaultConfigurationIsVisible = 0;
			defaultConfigurationIsVisible = 0;
			defaultConfigurationIsVisible = 0;
			defaultConfigurationIsVisible = 0;
			defaultConfigurationIsVisible = 0;
			defaultConfigurationIsVisible = 0;
			defaultConfigurationIsVisible = 0;
			defaultConfigurationIsVisible = 0;
			defaultConfigurationIsVisible = 0;
			defaultConfigurationIsVisible = 0;
			defaultConfigurationIsVisible = 0;
			defaultConfigurationIsVisible = 0;
			defaultConfigurationIsVisible = 0;
			defaultConfigurationIsVisible = 0;
			defaultConfigurationIsVisible = 0;
			defaultConfigurationIsVisible = 0;
			defaultConfigurationIsVisible = 0;
			defaultConfigurationIsVisible = 0;
			defaultConfigurationIsVisible = 0;
			defaultConfigurationIsVisible = 0;
		};
/* End XCConfigurationList section */
	};
	rootObject = A6000001 /* Project object */;
}
